
Microsoft Visual Studio Solution File, Format Version 12.00
# Visual Studio Version 17
VisualStudioVersion = 17.7.34221.43
MinimumVisualStudioVersion = 10.0.40219.1
Project("{8BC9CEB8-8B4A-11D0-8D11-00A0C91BC942}") = "SetWindowHookEx", "SetWindowHookEx\SetWindowHookEx.vcxproj", "{503A4CA2-A06B-49C4-95C2-B985169D145E}"
EndProject
Project("{8BC9CEB8-8B4A-11D0-8D11-00A0C91BC942}") = "test", "test\test.vcxproj", "{87E401EC-754F-4465-9F64-07CA14A97909}"
EndProject
Global
	GlobalSection(SolutionConfigurationPlatforms) = preSolution
		Debug|x64 = Debug|x64
		Debug|x86 = Debug|x86
		Release|x64 = Release|x64
		Release|x86 = Release|x86
	EndGlobalSection
	GlobalSection(ProjectConfigurationPlatforms) = postSolution
		{503A4CA2-A06B-49C4-95C2-B985169D145E}.Debug|x64.ActiveCfg = Debug|x64
		{503A4CA2-A06B-49C4-95C2-B985169D145E}.Debug|x64.Build.0 = Debug|x64
		{503A4CA2-A06B-49C4-95C2-B985169D145E}.Debug|x86.ActiveCfg = Debug|Win32
		{503A4CA2-A06B-49C4-95C2-B985169D145E}.Debug|x86.Build.0 = Debug|Win32
		{503A4CA2-A06B-49C4-95C2-B985169D145E}.Release|x64.ActiveCfg = Release|x64
		{503A4CA2-A06B-49C4-95C2-B985169D145E}.Release|x64.Build.0 = Release|x64
		{503A4CA2-A06B-49C4-95C2-B985169D145E}.Release|x86.ActiveCfg = Release|Win32
		{503A4CA2-A06B-49C4-95C2-B985169D145E}.Release|x86.Build.0 = Release|Win32
		{87E401EC-754F-4465-9F64-07CA14A97909}.Debug|x64.ActiveCfg = Debug|x64
		{87E401EC-754F-4465-9F64-07CA14A97909}.Debug|x64.Build.0 = Debug|x64
		{87E401EC-754F-4465-9F64-07CA14A97909}.Debug|x86.ActiveCfg = Debug|Win32
		{87E401EC-754F-4465-9F64-07CA14A97909}.Debug|x86.Build.0 = Debug|Win32
		{87E401EC-754F-4465-9F64-07CA14A97909}.Release|x64.ActiveCfg = Release|x64
		{87E401EC-754F-4465-9F64-07CA14A97909}.Release|x64.Build.0 = Release|x64
		{87E401EC-754F-4465-9F64-07CA14A97909}.Release|x86.ActiveCfg = Release|Win32
		{87E401EC-754F-4465-9F64-07CA14A97909}.Release|x86.Build.0 = Release|Win32
	EndGlobalSection
	GlobalSection(SolutionProperties) = preSolution
		HideSolutionNode = FALSE
	EndGlobalSection
	GlobalSection(ExtensibilityGlobals) = postSolution
		SolutionGuid = {FD2D7ECE-2B19-40FC-AC45-D193280C1D8E}
	EndGlobalSection
EndGlobal
